
Microsoft Visual Studio Solution File, Format Version 12.00
# Visual Studio Version 16
VisualStudioVersion = 16.0.29709.97
MinimumVisualStudioVersion = 10.0.40219.1
Project("{FAE04EC0-301F-11D3-BF4B-00C04F79EFBC}") = "LiveViz", "LiveViz\LiveViz.csproj", "{90FFAC54-6B9E-48CD-A5CB-C93AC172F361}"
EndProject
Global
	GlobalSection(SolutionConfigurationPlatforms) = preSolution
		Debug|Any CPU = Debug|Any CPU
		Release|Any CPU = Release|Any CPU
	EndGlobalSection
	GlobalSection(ProjectConfigurationPlatforms) = postSolution
		{90FFAC54-6B9E-48CD-A5CB-C93AC172F361}.Debug|Any CPU.ActiveCfg = Debug|Any CPU
		{90FFAC54-6B9E-48CD-A5CB-C93AC172F361}.Debug|Any CPU.Build.0 = Debug|Any CPU
		{90FFAC54-6B9E-48CD-A5CB-C93AC172F361}.Release|Any CPU.ActiveCfg = Release|Any CPU
		{90FFAC54-6B9E-48CD-A5CB-C93AC172F361}.Release|Any CPU.Build.0 = Release|Any CPU
	EndGlobalSection
	GlobalSection(SolutionProperties) = preSolution
		HideSolutionNode = FALSE
	EndGlobalSection
	GlobalSection(ExtensibilityGlobals) = postSolution
		SolutionGuid = {90E96BF4-1336-4B44-A225-A61DC5F4406A}
	EndGlobalSection
EndGlobal
